{
  "requires": true,
  "lockfileVersion": 1,
  "dependencies": {
    "@types/jsplumb": {
      "version": "2.5.7",
      "resolved": "https://registry.npmjs.org/@types/jsplumb/-/jsplumb-2.5.7.tgz",
      "integrity": "sha512-XlK47mXCl52etgXGquRtHX1xfJj/NPB7xTxNd8/4pg4+VA6Iniq/SLUNEdmpj/mar5fAE8U34IvmlGPaW2wUSg==",
      "requires": {
        "jsplumb": "*"
      }
    },
    "jsplumb": {
      "version": "2.11.1",
      "resolved": "https://registry.npmjs.org/jsplumb/-/jsplumb-2.11.1.tgz",
      "integrity": "sha512-8sXC1zvwkO93ZkdKhSYBqJgAeMusQvgO76q8DQkVlS8DVm08s6x6RR8wJDnQypnCb+q/lo8eUyJI8clEVERjfw=="
    }
  }
}
